{
  "name": "may-it-be",
  "version": "0.0.122",
  "lockfileVersion": 2,
  "requires": true,
  "packages": {
    "": {
      "name": "may-it-be",
      "version": "0.0.122",
      "license": "MIT",
      "dependencies": {
        "be-active": "0.0.18",
        "be-based": "0.0.6",
        "be-consensual": "0.0.12",
        "be-definitive": "0.0.31",
        "be-exportable": "0.0.10",
        "be-ferried": "0.0.28",
        "be-importing": "0.0.15",
        "be-intersectional": "0.0.13",
        "be-loaded": "0.0.44",
        "be-looking-up": "0.0.6",
        "be-metamorphic": "0.0.14",
        "be-noticed": "0.0.48",
        "be-observant": "0.0.89",
        "be-reformable": "0.0.28",
        "be-switched": "0.0.57",
        "be-transactional": "0.0.6",
        "be-transformative": "0.0.26"
      },
      "devDependencies": {
        "@skypack/package-check": "0.2.2"
      }
    },
    "node_modules/@skypack/package-check": {
      "version": "0.2.2",
      "resolved": "https://registry.npmjs.org/@skypack/package-check/-/package-check-0.2.2.tgz",
      "integrity": "sha512-T4Wyi9lUuz0a1C2OHuzqZ0aFOCI0AmaGTb2LP9sHgWdoHXlB3JU02gfBpa0Y081G/gFsJYpQ/R0iCJRzF/nknw==",
      "dev": true,
      "dependencies": {
        "kleur": "^4.1.3",
        "yargs-parser": "^20.2.3"
      },
      "bin": {
        "package-check": "index.bin.js"
      }
    },
    "node_modules/be-active": {
      "version": "0.0.18",
      "resolved": "https://registry.npmjs.org/be-active/-/be-active-0.0.18.tgz",
      "integrity": "sha512-qHa1QI1LYhQ68tAglaCJPKWi7qObbUDbMZTKQFLOwbi6yzhcPUph+i1PFvKatP3Sa90jgpk9M4LauyI8Q7BnKQ==",
      "dependencies": {
        "be-decorated": "0.0.72",
        "be-hive": "0.0.21"
      }
    },
    "node_modules/be-based": {
      "version": "0.0.6",
      "resolved": "https://registry.npmjs.org/be-based/-/be-based-0.0.6.tgz",
      "integrity": "sha512-FME3bhS/Inb7mrKgUOn2ga7xjO09YLXK02xe4GuZhAX9q9FM9tUK28ACPLaI7F3FWf+hM3rhSIoKR2tnntXboA==",
      "dependencies": {
        "be-decorated": "0.0.72",
        "be-hive": "0.0.21",
        "trans-render": "0.0.453"
      }
    },
    "node_modules/be-based/node_modules/trans-render": {
      "version": "0.0.453",
      "resolved": "https://registry.npmjs.org/trans-render/-/trans-render-0.0.453.tgz",
      "integrity": "sha512-ZoWqnHhnt/PkQDVZWo12n53PkROG7qytyCSjxd8Ai3MjssWN6wCl33sNlwBfkQNiOkdH60WWBfhCdJG9uC7gXw=="
    },
    "node_modules/be-consensual": {
      "version": "0.0.12",
      "resolved": "https://registry.npmjs.org/be-consensual/-/be-consensual-0.0.12.tgz",
      "integrity": "sha512-neR06e6s7DHNH95asM39koVwTKGk/TxvFTPYmsY7/HAjMjMxRAt7yalPqgk0/wiA+Jlv0fNGykEa/Zttaqy3hg==",
      "dependencies": {
        "be-decorated": "0.0.72",
        "be-hive": "0.0.21",
        "trans-render": "0.0.453",
        "xtal-element": "0.0.463"
      }
    },
    "node_modules/be-consensual/node_modules/trans-render": {
      "version": "0.0.453",
      "resolved": "https://registry.npmjs.org/trans-render/-/trans-render-0.0.453.tgz",
      "integrity": "sha512-ZoWqnHhnt/PkQDVZWo12n53PkROG7qytyCSjxd8Ai3MjssWN6wCl33sNlwBfkQNiOkdH60WWBfhCdJG9uC7gXw=="
    },
    "node_modules/be-consensual/node_modules/xtal-element": {
      "version": "0.0.463",
      "resolved": "https://registry.npmjs.org/xtal-element/-/xtal-element-0.0.463.tgz",
      "integrity": "sha512-9AI1db13+Ajzag5QDitz12pfL6w3lUgdh9etmO4MLn5APQdpIn9ZhSavN0zq3JcIbE1PlqQ0kkH2ws7vTylDAQ==",
      "dependencies": {
        "trans-render": "0.0.453"
      }
    },
    "node_modules/be-decorated": {
      "version": "0.0.72",
      "resolved": "https://registry.npmjs.org/be-decorated/-/be-decorated-0.0.72.tgz",
      "integrity": "sha512-sbnjO/bQPyvF/0vCGK0PQC8tocmChxd9c/qRKFSe04enSYAwnGwd+E8ryqpPFpFp4j3vzxsEqLicCZ5Fo94uSg==",
      "dependencies": {
        "trans-render": "0.0.453",
        "xtal-element": "0.0.463"
      }
    },
    "node_modules/be-decorated/node_modules/trans-render": {
      "version": "0.0.453",
      "resolved": "https://registry.npmjs.org/trans-render/-/trans-render-0.0.453.tgz",
      "integrity": "sha512-ZoWqnHhnt/PkQDVZWo12n53PkROG7qytyCSjxd8Ai3MjssWN6wCl33sNlwBfkQNiOkdH60WWBfhCdJG9uC7gXw=="
    },
    "node_modules/be-decorated/node_modules/xtal-element": {
      "version": "0.0.463",
      "resolved": "https://registry.npmjs.org/xtal-element/-/xtal-element-0.0.463.tgz",
      "integrity": "sha512-9AI1db13+Ajzag5QDitz12pfL6w3lUgdh9etmO4MLn5APQdpIn9ZhSavN0zq3JcIbE1PlqQ0kkH2ws7vTylDAQ==",
      "dependencies": {
        "trans-render": "0.0.453"
      }
    },
    "node_modules/be-definitive": {
      "version": "0.0.31",
      "resolved": "https://registry.npmjs.org/be-definitive/-/be-definitive-0.0.31.tgz",
      "integrity": "sha512-JrPdDrhIt5DRWuc4e9NrH7c7n4HjUgxzQmOYT0A+NR3mctHZ3lU7yo/Y8asLN2Omo/CHabJMiPW1nQbB5G3O2Q==",
      "dependencies": {
        "be-decorated": "0.0.72",
        "be-hive": "0.0.21",
        "trans-render": "0.0.453",
        "xtal-element": "0.0.463"
      }
    },
    "node_modules/be-definitive/node_modules/trans-render": {
      "version": "0.0.453",
      "resolved": "https://registry.npmjs.org/trans-render/-/trans-render-0.0.453.tgz",
      "integrity": "sha512-ZoWqnHhnt/PkQDVZWo12n53PkROG7qytyCSjxd8Ai3MjssWN6wCl33sNlwBfkQNiOkdH60WWBfhCdJG9uC7gXw=="
    },
    "node_modules/be-definitive/node_modules/xtal-element": {
      "version": "0.0.463",
      "resolved": "https://registry.npmjs.org/xtal-element/-/xtal-element-0.0.463.tgz",
      "integrity": "sha512-9AI1db13+Ajzag5QDitz12pfL6w3lUgdh9etmO4MLn5APQdpIn9ZhSavN0zq3JcIbE1PlqQ0kkH2ws7vTylDAQ==",
      "dependencies": {
        "trans-render": "0.0.453"
      }
    },
    "node_modules/be-exportable": {
      "version": "0.0.10",
      "resolved": "https://registry.npmjs.org/be-exportable/-/be-exportable-0.0.10.tgz",
      "integrity": "sha512-4Kp+/Um3w1ku5hZ5u8PpJuYvYj/aJJGuQZPJiIBOCUymR1k+N6JaI9lq19V4NR6n2eg/o9KdXMn+qW295sTSEg==",
      "dependencies": {
        "be-decorated": "0.0.72",
        "be-hive": "0.0.21"
      }
    },
    "node_modules/be-ferried": {
      "version": "0.0.28",
      "resolved": "https://registry.npmjs.org/be-ferried/-/be-ferried-0.0.28.tgz",
      "integrity": "sha512-uBvm29I5zE5hck/RY3SzkZIcaTc5D7RVxXbxObJgNtZGy3nd01DcUGn8vEjQR7Nc/Qh2htCt4XDQiYTTeK+A4A==",
      "dependencies": {
        "be-decorated": "0.0.72",
        "be-hive": "0.0.21",
        "be-observant": "0.0.89",
        "trans-render": "0.0.453"
      }
    },
    "node_modules/be-ferried/node_modules/trans-render": {
      "version": "0.0.453",
      "resolved": "https://registry.npmjs.org/trans-render/-/trans-render-0.0.453.tgz",
      "integrity": "sha512-ZoWqnHhnt/PkQDVZWo12n53PkROG7qytyCSjxd8Ai3MjssWN6wCl33sNlwBfkQNiOkdH60WWBfhCdJG9uC7gXw=="
    },
    "node_modules/be-hive": {
      "version": "0.0.21",
      "resolved": "https://registry.npmjs.org/be-hive/-/be-hive-0.0.21.tgz",
      "integrity": "sha512-smX+wemrA94lvmXBUTYDO2TTs7Y8VUhcEwar2/Aj5CoMKx7IzFUxNw+ptdJ9SgF3zYuJJAsRy2E9X/n8adPC/g==",
      "dependencies": {
        "xtal-element": "0.0.463"
      }
    },
    "node_modules/be-hive/node_modules/trans-render": {
      "version": "0.0.453",
      "resolved": "https://registry.npmjs.org/trans-render/-/trans-render-0.0.453.tgz",
      "integrity": "sha512-ZoWqnHhnt/PkQDVZWo12n53PkROG7qytyCSjxd8Ai3MjssWN6wCl33sNlwBfkQNiOkdH60WWBfhCdJG9uC7gXw=="
    },
    "node_modules/be-hive/node_modules/xtal-element": {
      "version": "0.0.463",
      "resolved": "https://registry.npmjs.org/xtal-element/-/xtal-element-0.0.463.tgz",
      "integrity": "sha512-9AI1db13+Ajzag5QDitz12pfL6w3lUgdh9etmO4MLn5APQdpIn9ZhSavN0zq3JcIbE1PlqQ0kkH2ws7vTylDAQ==",
      "dependencies": {
        "trans-render": "0.0.453"
      }
    },
    "node_modules/be-importing": {
      "version": "0.0.15",
      "resolved": "https://registry.npmjs.org/be-importing/-/be-importing-0.0.15.tgz",
      "integrity": "sha512-ckFQxnBcXPpotM6VE7EBD8VLLyj6H6L0cxokJ16xL0zMoaeU9C8c1dS1vXF69BZep57uD/0vD9NwnDXN5iHngA==",
      "dependencies": {
        "be-active": "0.0.18",
        "be-based": "0.0.6",
        "be-decorated": "0.0.72",
        "be-hive": "0.0.21"
      }
    },
    "node_modules/be-intersectional": {
      "version": "0.0.13",
      "resolved": "https://registry.npmjs.org/be-intersectional/-/be-intersectional-0.0.13.tgz",
      "integrity": "sha512-owVdmmlx7eJ0XmzksDlM2yfmzpjfIFhV2mv6K7QRsH8mnuEtoIqvnDZEP3korIPreot9lwiD1sazTV/dvLpSeA==",
      "dependencies": {
        "be-decorated": "0.0.72",
        "be-hive": "0.0.21",
        "trans-render": "0.0.453"
      }
    },
    "node_modules/be-intersectional/node_modules/trans-render": {
      "version": "0.0.453",
      "resolved": "https://registry.npmjs.org/trans-render/-/trans-render-0.0.453.tgz",
      "integrity": "sha512-ZoWqnHhnt/PkQDVZWo12n53PkROG7qytyCSjxd8Ai3MjssWN6wCl33sNlwBfkQNiOkdH60WWBfhCdJG9uC7gXw=="
    },
    "node_modules/be-loaded": {
      "version": "0.0.44",
      "resolved": "https://registry.npmjs.org/be-loaded/-/be-loaded-0.0.44.tgz",
      "integrity": "sha512-O9r9AoOVTr4Zoi0MhxQ08+HN89FcL/+9k2PjA3zRt6yVBcZNwmdNZh98Cp1WmBEcet5eaVQhbhiRaFdbKd2eBQ==",
      "dependencies": {
        "be-decorated": "0.0.72",
        "be-hive": "0.0.21",
        "trans-render": "0.0.453",
        "xtal-element": "0.0.463"
      }
    },
    "node_modules/be-loaded/node_modules/trans-render": {
      "version": "0.0.453",
      "resolved": "https://registry.npmjs.org/trans-render/-/trans-render-0.0.453.tgz",
      "integrity": "sha512-ZoWqnHhnt/PkQDVZWo12n53PkROG7qytyCSjxd8Ai3MjssWN6wCl33sNlwBfkQNiOkdH60WWBfhCdJG9uC7gXw=="
    },
    "node_modules/be-loaded/node_modules/xtal-element": {
      "version": "0.0.463",
      "resolved": "https://registry.npmjs.org/xtal-element/-/xtal-element-0.0.463.tgz",
      "integrity": "sha512-9AI1db13+Ajzag5QDitz12pfL6w3lUgdh9etmO4MLn5APQdpIn9ZhSavN0zq3JcIbE1PlqQ0kkH2ws7vTylDAQ==",
      "dependencies": {
        "trans-render": "0.0.453"
      }
    },
    "node_modules/be-looking-up": {
      "version": "0.0.6",
      "resolved": "https://registry.npmjs.org/be-looking-up/-/be-looking-up-0.0.6.tgz",
      "integrity": "sha512-5qaUVW3PbhndC8O5+46LBuX6iqDXdZLUc9B/XzMBijNOGtkuERO8a9qv8qfc1UC1QSfCxJSz1FGCrDtqWsPgHA==",
      "dependencies": {
        "be-decorated": "0.0.72",
        "be-hive": "0.0.21",
        "be-observant": "0.0.89"
      }
    },
    "node_modules/be-metamorphic": {
      "version": "0.0.14",
      "resolved": "https://registry.npmjs.org/be-metamorphic/-/be-metamorphic-0.0.14.tgz",
      "integrity": "sha512-ajLxNllc+dfNQmlriiQiT06DV7NhuixusCOc/79+H+MNsX+Mg119C1D649l/bwd6XBFMjU6FnqvvuCL7knT+cw==",
      "dependencies": {
        "be-decorated": "0.0.72",
        "be-hive": "0.0.21",
        "trans-render": "0.0.453"
      }
    },
    "node_modules/be-metamorphic/node_modules/trans-render": {
      "version": "0.0.453",
      "resolved": "https://registry.npmjs.org/trans-render/-/trans-render-0.0.453.tgz",
      "integrity": "sha512-ZoWqnHhnt/PkQDVZWo12n53PkROG7qytyCSjxd8Ai3MjssWN6wCl33sNlwBfkQNiOkdH60WWBfhCdJG9uC7gXw=="
    },
    "node_modules/be-noticed": {
      "version": "0.0.48",
      "resolved": "https://registry.npmjs.org/be-noticed/-/be-noticed-0.0.48.tgz",
      "integrity": "sha512-OnS5I6FiW1UG7QLX0sm8/u0vpIjqcEdZrG+4pG20WFkgyRbOavlsLcHCqQdHSXhwC4Qk1qpQbADr4HJ1qjrqMA==",
      "dependencies": {
        "be-decorated": "0.0.72",
        "be-hive": "0.0.21",
        "on-to-me": "0.0.49",
        "trans-render": "0.0.453"
      }
    },
    "node_modules/be-noticed/node_modules/trans-render": {
      "version": "0.0.453",
      "resolved": "https://registry.npmjs.org/trans-render/-/trans-render-0.0.453.tgz",
      "integrity": "sha512-ZoWqnHhnt/PkQDVZWo12n53PkROG7qytyCSjxd8Ai3MjssWN6wCl33sNlwBfkQNiOkdH60WWBfhCdJG9uC7gXw=="
    },
    "node_modules/be-observant": {
      "version": "0.0.89",
      "resolved": "https://registry.npmjs.org/be-observant/-/be-observant-0.0.89.tgz",
      "integrity": "sha512-ZzlRZmxIRgAbYfpXpi8lMzBuW5ZEuU+Fkq4oLr4HEaWL3IrqOZw97W0jtQwf3d08jXlve9QdhPVg5XnaQ0Pt2A==",
      "dependencies": {
        "be-decorated": "0.0.72",
        "be-hive": "0.0.21",
        "on-to-me": "0.0.49",
        "trans-render": "0.0.453",
        "xtal-element": "0.0.463"
      }
    },
    "node_modules/be-observant/node_modules/trans-render": {
      "version": "0.0.453",
      "resolved": "https://registry.npmjs.org/trans-render/-/trans-render-0.0.453.tgz",
      "integrity": "sha512-ZoWqnHhnt/PkQDVZWo12n53PkROG7qytyCSjxd8Ai3MjssWN6wCl33sNlwBfkQNiOkdH60WWBfhCdJG9uC7gXw=="
    },
    "node_modules/be-observant/node_modules/xtal-element": {
      "version": "0.0.463",
      "resolved": "https://registry.npmjs.org/xtal-element/-/xtal-element-0.0.463.tgz",
      "integrity": "sha512-9AI1db13+Ajzag5QDitz12pfL6w3lUgdh9etmO4MLn5APQdpIn9ZhSavN0zq3JcIbE1PlqQ0kkH2ws7vTylDAQ==",
      "dependencies": {
        "trans-render": "0.0.453"
      }
    },
    "node_modules/be-reformable": {
      "version": "0.0.28",
      "resolved": "https://registry.npmjs.org/be-reformable/-/be-reformable-0.0.28.tgz",
      "integrity": "sha512-ng/cnLrJ+N8Mezdu39s0ZE2UTmYh5A0i1i5fzkXW2HmWwL13QL4iuqSAWAJR1awAK0GOlg3wJb1OiZpGG0nO7g==",
      "dependencies": {
        "be-decorated": "0.0.72",
        "be-hive": "0.0.21",
        "be-observant": "0.0.89",
        "trans-render": "0.0.453",
        "xtal-element": "0.0.463"
      }
    },
    "node_modules/be-reformable/node_modules/trans-render": {
      "version": "0.0.453",
      "resolved": "https://registry.npmjs.org/trans-render/-/trans-render-0.0.453.tgz",
      "integrity": "sha512-ZoWqnHhnt/PkQDVZWo12n53PkROG7qytyCSjxd8Ai3MjssWN6wCl33sNlwBfkQNiOkdH60WWBfhCdJG9uC7gXw=="
    },
    "node_modules/be-reformable/node_modules/xtal-element": {
      "version": "0.0.463",
      "resolved": "https://registry.npmjs.org/xtal-element/-/xtal-element-0.0.463.tgz",
      "integrity": "sha512-9AI1db13+Ajzag5QDitz12pfL6w3lUgdh9etmO4MLn5APQdpIn9ZhSavN0zq3JcIbE1PlqQ0kkH2ws7vTylDAQ==",
      "dependencies": {
        "trans-render": "0.0.453"
      }
    },
    "node_modules/be-switched": {
      "version": "0.0.57",
      "resolved": "https://registry.npmjs.org/be-switched/-/be-switched-0.0.57.tgz",
      "integrity": "sha512-6TUcuL26vOIbYR1EKWA2SoFg4CbWwU80TEL8+EuyVSMoYufpDYC62as1PEh0dTPk3jxLst/DIuNfZDuooBW5mQ==",
      "dependencies": {
        "be-decorated": "0.0.72",
        "be-hive": "0.0.21",
        "be-observant": "0.0.89",
        "trans-render": "0.0.453"
      }
    },
    "node_modules/be-switched/node_modules/trans-render": {
      "version": "0.0.453",
      "resolved": "https://registry.npmjs.org/trans-render/-/trans-render-0.0.453.tgz",
      "integrity": "sha512-ZoWqnHhnt/PkQDVZWo12n53PkROG7qytyCSjxd8Ai3MjssWN6wCl33sNlwBfkQNiOkdH60WWBfhCdJG9uC7gXw=="
    },
    "node_modules/be-transactional": {
      "version": "0.0.6",
      "resolved": "https://registry.npmjs.org/be-transactional/-/be-transactional-0.0.6.tgz",
      "integrity": "sha512-UVj14ecBMi4A1Ej/uVuPuNA5U61pXhmOs4CO6SC51Edkxhjbv+AoT0famEOMuxqXbl8hOZHZo0TfPDJtgIpNQA==",
      "dependencies": {
        "be-decorated": "0.0.72",
        "be-hive": "0.0.21",
        "trans-render": "0.0.453"
      }
    },
    "node_modules/be-transactional/node_modules/trans-render": {
      "version": "0.0.453",
      "resolved": "https://registry.npmjs.org/trans-render/-/trans-render-0.0.453.tgz",
      "integrity": "sha512-ZoWqnHhnt/PkQDVZWo12n53PkROG7qytyCSjxd8Ai3MjssWN6wCl33sNlwBfkQNiOkdH60WWBfhCdJG9uC7gXw=="
    },
    "node_modules/be-transformative": {
      "version": "0.0.26",
      "resolved": "https://registry.npmjs.org/be-transformative/-/be-transformative-0.0.26.tgz",
      "integrity": "sha512-plp6EC1fM7KMl7SCAq0DsvlwizTHWAZgstZ0nPGWhvdsq8RHA/DYD9ZufuTCHYKIGSBUzyrbHIqDpKGIUr2NGQ==",
      "dependencies": {
        "be-decorated": "0.0.72",
        "be-hive": "0.0.21",
        "trans-render": "0.0.453",
        "xtal-element": "0.0.463"
      }
    },
    "node_modules/be-transformative/node_modules/trans-render": {
      "version": "0.0.453",
      "resolved": "https://registry.npmjs.org/trans-render/-/trans-render-0.0.453.tgz",
      "integrity": "sha512-ZoWqnHhnt/PkQDVZWo12n53PkROG7qytyCSjxd8Ai3MjssWN6wCl33sNlwBfkQNiOkdH60WWBfhCdJG9uC7gXw=="
    },
    "node_modules/be-transformative/node_modules/xtal-element": {
      "version": "0.0.463",
      "resolved": "https://registry.npmjs.org/xtal-element/-/xtal-element-0.0.463.tgz",
      "integrity": "sha512-9AI1db13+Ajzag5QDitz12pfL6w3lUgdh9etmO4MLn5APQdpIn9ZhSavN0zq3JcIbE1PlqQ0kkH2ws7vTylDAQ==",
      "dependencies": {
        "trans-render": "0.0.453"
      }
    },
    "node_modules/kleur": {
      "version": "4.1.4",
      "resolved": "https://registry.npmjs.org/kleur/-/kleur-4.1.4.tgz",
      "integrity": "sha512-8QADVssbrFjivHWQU7KkMgptGTl6WAcSdlbBPY4uNF+mWr6DGcKrvY2w4FQJoXch7+fKMjj0dRrL75vk3k23OA==",
      "dev": true,
      "engines": {
        "node": ">=6"
      }
    },
    "node_modules/on-to-me": {
      "version": "0.0.49",
      "resolved": "https://registry.npmjs.org/on-to-me/-/on-to-me-0.0.49.tgz",
      "integrity": "sha512-hxsznNinhNnlsig2bd+FFy7cFHxSAodP6eNPPP13c3DHUi+0OUVVAjRrfyhZvaFRJKSiXW30F/2gRwIzXCpbuQ==",
      "dependencies": {
        "trans-render": "0.0.414"
      }
    },
    "node_modules/on-to-me/node_modules/trans-render": {
      "version": "0.0.414",
      "resolved": "https://registry.npmjs.org/trans-render/-/trans-render-0.0.414.tgz",
      "integrity": "sha512-3hS32f78/S2BIPfb7byXSC9PuanLy7+a0sTIXgUms829223apzJ3Z9h6ZXdxXJ4cj7ug0I1iSx+20ikSoZrm/Q=="
    },
    "node_modules/yargs-parser": {
      "version": "20.2.9",
      "resolved": "https://registry.npmjs.org/yargs-parser/-/yargs-parser-20.2.9.tgz",
      "integrity": "sha512-y11nGElTIV+CT3Zv9t7VKl+Q3hTQoT9a1Qzezhhl6Rp21gJ/IVTW7Z3y9EWXhuUBC2Shnf+DX0antecpAwSP8w==",
      "dev": true,
      "engines": {
        "node": ">=10"
      }
    }
  },
  "dependencies": {
    "@skypack/package-check": {
      "version": "0.2.2",
      "resolved": "https://registry.npmjs.org/@skypack/package-check/-/package-check-0.2.2.tgz",
      "integrity": "sha512-T4Wyi9lUuz0a1C2OHuzqZ0aFOCI0AmaGTb2LP9sHgWdoHXlB3JU02gfBpa0Y081G/gFsJYpQ/R0iCJRzF/nknw==",
      "dev": true,
      "requires": {
        "kleur": "^4.1.3",
        "yargs-parser": "^20.2.3"
      }
    },
    "be-active": {
      "version": "0.0.18",
      "resolved": "https://registry.npmjs.org/be-active/-/be-active-0.0.18.tgz",
      "integrity": "sha512-qHa1QI1LYhQ68tAglaCJPKWi7qObbUDbMZTKQFLOwbi6yzhcPUph+i1PFvKatP3Sa90jgpk9M4LauyI8Q7BnKQ==",
      "requires": {
        "be-decorated": "0.0.72",
        "be-hive": "0.0.21"
      }
    },
    "be-based": {
      "version": "0.0.6",
      "resolved": "https://registry.npmjs.org/be-based/-/be-based-0.0.6.tgz",
      "integrity": "sha512-FME3bhS/Inb7mrKgUOn2ga7xjO09YLXK02xe4GuZhAX9q9FM9tUK28ACPLaI7F3FWf+hM3rhSIoKR2tnntXboA==",
      "requires": {
        "be-decorated": "0.0.72",
        "be-hive": "0.0.21",
        "trans-render": "0.0.453"
      },
      "dependencies": {
        "trans-render": {
          "version": "0.0.453",
          "resolved": "https://registry.npmjs.org/trans-render/-/trans-render-0.0.453.tgz",
          "integrity": "sha512-ZoWqnHhnt/PkQDVZWo12n53PkROG7qytyCSjxd8Ai3MjssWN6wCl33sNlwBfkQNiOkdH60WWBfhCdJG9uC7gXw=="
        }
      }
    },
    "be-consensual": {
      "version": "0.0.12",
      "resolved": "https://registry.npmjs.org/be-consensual/-/be-consensual-0.0.12.tgz",
      "integrity": "sha512-neR06e6s7DHNH95asM39koVwTKGk/TxvFTPYmsY7/HAjMjMxRAt7yalPqgk0/wiA+Jlv0fNGykEa/Zttaqy3hg==",
      "requires": {
        "be-decorated": "0.0.72",
        "be-hive": "0.0.21",
        "trans-render": "0.0.453",
        "xtal-element": "0.0.463"
      },
      "dependencies": {
        "trans-render": {
          "version": "0.0.453",
          "resolved": "https://registry.npmjs.org/trans-render/-/trans-render-0.0.453.tgz",
          "integrity": "sha512-ZoWqnHhnt/PkQDVZWo12n53PkROG7qytyCSjxd8Ai3MjssWN6wCl33sNlwBfkQNiOkdH60WWBfhCdJG9uC7gXw=="
        },
        "xtal-element": {
          "version": "0.0.463",
          "resolved": "https://registry.npmjs.org/xtal-element/-/xtal-element-0.0.463.tgz",
          "integrity": "sha512-9AI1db13+Ajzag5QDitz12pfL6w3lUgdh9etmO4MLn5APQdpIn9ZhSavN0zq3JcIbE1PlqQ0kkH2ws7vTylDAQ==",
          "requires": {
            "trans-render": "0.0.453"
          }
        }
      }
    },
    "be-decorated": {
      "version": "0.0.72",
      "resolved": "https://registry.npmjs.org/be-decorated/-/be-decorated-0.0.72.tgz",
      "integrity": "sha512-sbnjO/bQPyvF/0vCGK0PQC8tocmChxd9c/qRKFSe04enSYAwnGwd+E8ryqpPFpFp4j3vzxsEqLicCZ5Fo94uSg==",
      "requires": {
        "trans-render": "0.0.453",
        "xtal-element": "0.0.463"
      },
      "dependencies": {
        "trans-render": {
          "version": "0.0.453",
          "resolved": "https://registry.npmjs.org/trans-render/-/trans-render-0.0.453.tgz",
          "integrity": "sha512-ZoWqnHhnt/PkQDVZWo12n53PkROG7qytyCSjxd8Ai3MjssWN6wCl33sNlwBfkQNiOkdH60WWBfhCdJG9uC7gXw=="
        },
        "xtal-element": {
          "version": "0.0.463",
          "resolved": "https://registry.npmjs.org/xtal-element/-/xtal-element-0.0.463.tgz",
          "integrity": "sha512-9AI1db13+Ajzag5QDitz12pfL6w3lUgdh9etmO4MLn5APQdpIn9ZhSavN0zq3JcIbE1PlqQ0kkH2ws7vTylDAQ==",
          "requires": {
            "trans-render": "0.0.453"
          }
        }
      }
    },
    "be-definitive": {
      "version": "0.0.31",
      "resolved": "https://registry.npmjs.org/be-definitive/-/be-definitive-0.0.31.tgz",
      "integrity": "sha512-JrPdDrhIt5DRWuc4e9NrH7c7n4HjUgxzQmOYT0A+NR3mctHZ3lU7yo/Y8asLN2Omo/CHabJMiPW1nQbB5G3O2Q==",
      "requires": {
        "be-decorated": "0.0.72",
        "be-hive": "0.0.21",
        "trans-render": "0.0.453",
        "xtal-element": "0.0.463"
      },
      "dependencies": {
        "trans-render": {
          "version": "0.0.453",
          "resolved": "https://registry.npmjs.org/trans-render/-/trans-render-0.0.453.tgz",
          "integrity": "sha512-ZoWqnHhnt/PkQDVZWo12n53PkROG7qytyCSjxd8Ai3MjssWN6wCl33sNlwBfkQNiOkdH60WWBfhCdJG9uC7gXw=="
        },
        "xtal-element": {
          "version": "0.0.463",
          "resolved": "https://registry.npmjs.org/xtal-element/-/xtal-element-0.0.463.tgz",
          "integrity": "sha512-9AI1db13+Ajzag5QDitz12pfL6w3lUgdh9etmO4MLn5APQdpIn9ZhSavN0zq3JcIbE1PlqQ0kkH2ws7vTylDAQ==",
          "requires": {
            "trans-render": "0.0.453"
          }
        }
      }
    },
    "be-exportable": {
      "version": "0.0.10",
      "resolved": "https://registry.npmjs.org/be-exportable/-/be-exportable-0.0.10.tgz",
      "integrity": "sha512-4Kp+/Um3w1ku5hZ5u8PpJuYvYj/aJJGuQZPJiIBOCUymR1k+N6JaI9lq19V4NR6n2eg/o9KdXMn+qW295sTSEg==",
      "requires": {
        "be-decorated": "0.0.72",
        "be-hive": "0.0.21"
      }
    },
    "be-ferried": {
      "version": "0.0.28",
      "resolved": "https://registry.npmjs.org/be-ferried/-/be-ferried-0.0.28.tgz",
      "integrity": "sha512-uBvm29I5zE5hck/RY3SzkZIcaTc5D7RVxXbxObJgNtZGy3nd01DcUGn8vEjQR7Nc/Qh2htCt4XDQiYTTeK+A4A==",
      "requires": {
        "be-decorated": "0.0.72",
        "be-hive": "0.0.21",
        "be-observant": "0.0.89",
        "trans-render": "0.0.453"
      },
      "dependencies": {
        "trans-render": {
          "version": "0.0.453",
          "resolved": "https://registry.npmjs.org/trans-render/-/trans-render-0.0.453.tgz",
          "integrity": "sha512-ZoWqnHhnt/PkQDVZWo12n53PkROG7qytyCSjxd8Ai3MjssWN6wCl33sNlwBfkQNiOkdH60WWBfhCdJG9uC7gXw=="
        }
      }
    },
    "be-hive": {
      "version": "0.0.21",
      "resolved": "https://registry.npmjs.org/be-hive/-/be-hive-0.0.21.tgz",
      "integrity": "sha512-smX+wemrA94lvmXBUTYDO2TTs7Y8VUhcEwar2/Aj5CoMKx7IzFUxNw+ptdJ9SgF3zYuJJAsRy2E9X/n8adPC/g==",
      "requires": {
        "xtal-element": "0.0.463"
      },
      "dependencies": {
        "trans-render": {
          "version": "0.0.453",
          "resolved": "https://registry.npmjs.org/trans-render/-/trans-render-0.0.453.tgz",
          "integrity": "sha512-ZoWqnHhnt/PkQDVZWo12n53PkROG7qytyCSjxd8Ai3MjssWN6wCl33sNlwBfkQNiOkdH60WWBfhCdJG9uC7gXw=="
        },
        "xtal-element": {
          "version": "0.0.463",
          "resolved": "https://registry.npmjs.org/xtal-element/-/xtal-element-0.0.463.tgz",
          "integrity": "sha512-9AI1db13+Ajzag5QDitz12pfL6w3lUgdh9etmO4MLn5APQdpIn9ZhSavN0zq3JcIbE1PlqQ0kkH2ws7vTylDAQ==",
          "requires": {
            "trans-render": "0.0.453"
          }
        }
      }
    },
    "be-importing": {
      "version": "0.0.15",
      "resolved": "https://registry.npmjs.org/be-importing/-/be-importing-0.0.15.tgz",
      "integrity": "sha512-ckFQxnBcXPpotM6VE7EBD8VLLyj6H6L0cxokJ16xL0zMoaeU9C8c1dS1vXF69BZep57uD/0vD9NwnDXN5iHngA==",
      "requires": {
        "be-active": "0.0.18",
        "be-based": "0.0.6",
        "be-decorated": "0.0.72",
        "be-hive": "0.0.21"
      }
    },
    "be-intersectional": {
      "version": "0.0.13",
      "resolved": "https://registry.npmjs.org/be-intersectional/-/be-intersectional-0.0.13.tgz",
      "integrity": "sha512-owVdmmlx7eJ0XmzksDlM2yfmzpjfIFhV2mv6K7QRsH8mnuEtoIqvnDZEP3korIPreot9lwiD1sazTV/dvLpSeA==",
      "requires": {
        "be-decorated": "0.0.72",
        "be-hive": "0.0.21",
        "trans-render": "0.0.453"
      },
      "dependencies": {
        "trans-render": {
          "version": "0.0.453",
          "resolved": "https://registry.npmjs.org/trans-render/-/trans-render-0.0.453.tgz",
          "integrity": "sha512-ZoWqnHhnt/PkQDVZWo12n53PkROG7qytyCSjxd8Ai3MjssWN6wCl33sNlwBfkQNiOkdH60WWBfhCdJG9uC7gXw=="
        }
      }
    },
    "be-loaded": {
      "version": "0.0.44",
      "resolved": "https://registry.npmjs.org/be-loaded/-/be-loaded-0.0.44.tgz",
      "integrity": "sha512-O9r9AoOVTr4Zoi0MhxQ08+HN89FcL/+9k2PjA3zRt6yVBcZNwmdNZh98Cp1WmBEcet5eaVQhbhiRaFdbKd2eBQ==",
      "requires": {
        "be-decorated": "0.0.72",
        "be-hive": "0.0.21",
        "trans-render": "0.0.453",
        "xtal-element": "0.0.463"
      },
      "dependencies": {
        "trans-render": {
          "version": "0.0.453",
          "resolved": "https://registry.npmjs.org/trans-render/-/trans-render-0.0.453.tgz",
          "integrity": "sha512-ZoWqnHhnt/PkQDVZWo12n53PkROG7qytyCSjxd8Ai3MjssWN6wCl33sNlwBfkQNiOkdH60WWBfhCdJG9uC7gXw=="
        },
        "xtal-element": {
          "version": "0.0.463",
          "resolved": "https://registry.npmjs.org/xtal-element/-/xtal-element-0.0.463.tgz",
          "integrity": "sha512-9AI1db13+Ajzag5QDitz12pfL6w3lUgdh9etmO4MLn5APQdpIn9ZhSavN0zq3JcIbE1PlqQ0kkH2ws7vTylDAQ==",
          "requires": {
            "trans-render": "0.0.453"
          }
        }
      }
    },
    "be-looking-up": {
      "version": "0.0.6",
      "resolved": "https://registry.npmjs.org/be-looking-up/-/be-looking-up-0.0.6.tgz",
      "integrity": "sha512-5qaUVW3PbhndC8O5+46LBuX6iqDXdZLUc9B/XzMBijNOGtkuERO8a9qv8qfc1UC1QSfCxJSz1FGCrDtqWsPgHA==",
      "requires": {
        "be-decorated": "0.0.72",
        "be-hive": "0.0.21",
        "be-observant": "0.0.89"
      }
    },
    "be-metamorphic": {
      "version": "0.0.14",
      "resolved": "https://registry.npmjs.org/be-metamorphic/-/be-metamorphic-0.0.14.tgz",
      "integrity": "sha512-ajLxNllc+dfNQmlriiQiT06DV7NhuixusCOc/79+H+MNsX+Mg119C1D649l/bwd6XBFMjU6FnqvvuCL7knT+cw==",
      "requires": {
        "be-decorated": "0.0.72",
        "be-hive": "0.0.21",
        "trans-render": "0.0.453"
      },
      "dependencies": {
        "trans-render": {
          "version": "0.0.453",
          "resolved": "https://registry.npmjs.org/trans-render/-/trans-render-0.0.453.tgz",
          "integrity": "sha512-ZoWqnHhnt/PkQDVZWo12n53PkROG7qytyCSjxd8Ai3MjssWN6wCl33sNlwBfkQNiOkdH60WWBfhCdJG9uC7gXw=="
        }
      }
    },
    "be-noticed": {
      "version": "0.0.48",
      "resolved": "https://registry.npmjs.org/be-noticed/-/be-noticed-0.0.48.tgz",
      "integrity": "sha512-OnS5I6FiW1UG7QLX0sm8/u0vpIjqcEdZrG+4pG20WFkgyRbOavlsLcHCqQdHSXhwC4Qk1qpQbADr4HJ1qjrqMA==",
      "requires": {
        "be-decorated": "0.0.72",
        "be-hive": "0.0.21",
        "on-to-me": "0.0.49",
        "trans-render": "0.0.453"
      },
      "dependencies": {
        "trans-render": {
          "version": "0.0.453",
          "resolved": "https://registry.npmjs.org/trans-render/-/trans-render-0.0.453.tgz",
          "integrity": "sha512-ZoWqnHhnt/PkQDVZWo12n53PkROG7qytyCSjxd8Ai3MjssWN6wCl33sNlwBfkQNiOkdH60WWBfhCdJG9uC7gXw=="
        }
      }
    },
    "be-observant": {
      "version": "0.0.89",
      "resolved": "https://registry.npmjs.org/be-observant/-/be-observant-0.0.89.tgz",
      "integrity": "sha512-ZzlRZmxIRgAbYfpXpi8lMzBuW5ZEuU+Fkq4oLr4HEaWL3IrqOZw97W0jtQwf3d08jXlve9QdhPVg5XnaQ0Pt2A==",
      "requires": {
        "be-decorated": "0.0.72",
        "be-hive": "0.0.21",
        "on-to-me": "0.0.49",
        "trans-render": "0.0.453",
        "xtal-element": "0.0.463"
      },
      "dependencies": {
        "trans-render": {
          "version": "0.0.453",
          "resolved": "https://registry.npmjs.org/trans-render/-/trans-render-0.0.453.tgz",
          "integrity": "sha512-ZoWqnHhnt/PkQDVZWo12n53PkROG7qytyCSjxd8Ai3MjssWN6wCl33sNlwBfkQNiOkdH60WWBfhCdJG9uC7gXw=="
        },
        "xtal-element": {
          "version": "0.0.463",
          "resolved": "https://registry.npmjs.org/xtal-element/-/xtal-element-0.0.463.tgz",
          "integrity": "sha512-9AI1db13+Ajzag5QDitz12pfL6w3lUgdh9etmO4MLn5APQdpIn9ZhSavN0zq3JcIbE1PlqQ0kkH2ws7vTylDAQ==",
          "requires": {
            "trans-render": "0.0.453"
          }
        }
      }
    },
    "be-reformable": {
      "version": "0.0.28",
      "resolved": "https://registry.npmjs.org/be-reformable/-/be-reformable-0.0.28.tgz",
      "integrity": "sha512-ng/cnLrJ+N8Mezdu39s0ZE2UTmYh5A0i1i5fzkXW2HmWwL13QL4iuqSAWAJR1awAK0GOlg3wJb1OiZpGG0nO7g==",
      "requires": {
        "be-decorated": "0.0.72",
        "be-hive": "0.0.21",
        "be-observant": "0.0.89",
        "trans-render": "0.0.453",
        "xtal-element": "0.0.463"
      },
      "dependencies": {
        "trans-render": {
          "version": "0.0.453",
          "resolved": "https://registry.npmjs.org/trans-render/-/trans-render-0.0.453.tgz",
          "integrity": "sha512-ZoWqnHhnt/PkQDVZWo12n53PkROG7qytyCSjxd8Ai3MjssWN6wCl33sNlwBfkQNiOkdH60WWBfhCdJG9uC7gXw=="
        },
        "xtal-element": {
          "version": "0.0.463",
          "resolved": "https://registry.npmjs.org/xtal-element/-/xtal-element-0.0.463.tgz",
          "integrity": "sha512-9AI1db13+Ajzag5QDitz12pfL6w3lUgdh9etmO4MLn5APQdpIn9ZhSavN0zq3JcIbE1PlqQ0kkH2ws7vTylDAQ==",
          "requires": {
            "trans-render": "0.0.453"
          }
        }
      }
    },
    "be-switched": {
      "version": "0.0.57",
      "resolved": "https://registry.npmjs.org/be-switched/-/be-switched-0.0.57.tgz",
      "integrity": "sha512-6TUcuL26vOIbYR1EKWA2SoFg4CbWwU80TEL8+EuyVSMoYufpDYC62as1PEh0dTPk3jxLst/DIuNfZDuooBW5mQ==",
      "requires": {
        "be-decorated": "0.0.72",
        "be-hive": "0.0.21",
        "be-observant": "0.0.89",
        "trans-render": "0.0.453"
      },
      "dependencies": {
        "trans-render": {
          "version": "0.0.453",
          "resolved": "https://registry.npmjs.org/trans-render/-/trans-render-0.0.453.tgz",
          "integrity": "sha512-ZoWqnHhnt/PkQDVZWo12n53PkROG7qytyCSjxd8Ai3MjssWN6wCl33sNlwBfkQNiOkdH60WWBfhCdJG9uC7gXw=="
        }
      }
    },
    "be-transactional": {
      "version": "0.0.6",
      "resolved": "https://registry.npmjs.org/be-transactional/-/be-transactional-0.0.6.tgz",
      "integrity": "sha512-UVj14ecBMi4A1Ej/uVuPuNA5U61pXhmOs4CO6SC51Edkxhjbv+AoT0famEOMuxqXbl8hOZHZo0TfPDJtgIpNQA==",
      "requires": {
        "be-decorated": "0.0.72",
        "be-hive": "0.0.21",
        "trans-render": "0.0.453"
      },
      "dependencies": {
        "trans-render": {
          "version": "0.0.453",
          "resolved": "https://registry.npmjs.org/trans-render/-/trans-render-0.0.453.tgz",
          "integrity": "sha512-ZoWqnHhnt/PkQDVZWo12n53PkROG7qytyCSjxd8Ai3MjssWN6wCl33sNlwBfkQNiOkdH60WWBfhCdJG9uC7gXw=="
        }
      }
    },
    "be-transformative": {
      "version": "0.0.26",
      "resolved": "https://registry.npmjs.org/be-transformative/-/be-transformative-0.0.26.tgz",
      "integrity": "sha512-plp6EC1fM7KMl7SCAq0DsvlwizTHWAZgstZ0nPGWhvdsq8RHA/DYD9ZufuTCHYKIGSBUzyrbHIqDpKGIUr2NGQ==",
      "requires": {
        "be-decorated": "0.0.72",
        "be-hive": "0.0.21",
        "trans-render": "0.0.453",
        "xtal-element": "0.0.463"
      },
      "dependencies": {
        "trans-render": {
          "version": "0.0.453",
          "resolved": "https://registry.npmjs.org/trans-render/-/trans-render-0.0.453.tgz",
          "integrity": "sha512-ZoWqnHhnt/PkQDVZWo12n53PkROG7qytyCSjxd8Ai3MjssWN6wCl33sNlwBfkQNiOkdH60WWBfhCdJG9uC7gXw=="
        },
        "xtal-element": {
          "version": "0.0.463",
          "resolved": "https://registry.npmjs.org/xtal-element/-/xtal-element-0.0.463.tgz",
          "integrity": "sha512-9AI1db13+Ajzag5QDitz12pfL6w3lUgdh9etmO4MLn5APQdpIn9ZhSavN0zq3JcIbE1PlqQ0kkH2ws7vTylDAQ==",
          "requires": {
            "trans-render": "0.0.453"
          }
        }
      }
    },
    "kleur": {
      "version": "4.1.4",
      "resolved": "https://registry.npmjs.org/kleur/-/kleur-4.1.4.tgz",
      "integrity": "sha512-8QADVssbrFjivHWQU7KkMgptGTl6WAcSdlbBPY4uNF+mWr6DGcKrvY2w4FQJoXch7+fKMjj0dRrL75vk3k23OA==",
      "dev": true
    },
    "on-to-me": {
      "version": "0.0.49",
      "resolved": "https://registry.npmjs.org/on-to-me/-/on-to-me-0.0.49.tgz",
      "integrity": "sha512-hxsznNinhNnlsig2bd+FFy7cFHxSAodP6eNPPP13c3DHUi+0OUVVAjRrfyhZvaFRJKSiXW30F/2gRwIzXCpbuQ==",
      "requires": {
        "trans-render": "0.0.414"
      },
      "dependencies": {
        "trans-render": {
          "version": "0.0.414",
          "resolved": "https://registry.npmjs.org/trans-render/-/trans-render-0.0.414.tgz",
          "integrity": "sha512-3hS32f78/S2BIPfb7byXSC9PuanLy7+a0sTIXgUms829223apzJ3Z9h6ZXdxXJ4cj7ug0I1iSx+20ikSoZrm/Q=="
        }
      }
    },
    "yargs-parser": {
      "version": "20.2.9",
      "resolved": "https://registry.npmjs.org/yargs-parser/-/yargs-parser-20.2.9.tgz",
      "integrity": "sha512-y11nGElTIV+CT3Zv9t7VKl+Q3hTQoT9a1Qzezhhl6Rp21gJ/IVTW7Z3y9EWXhuUBC2Shnf+DX0antecpAwSP8w==",
      "dev": true
    }
  }
}
