{
  "name": "may-it-be",
  "version": "0.0.92",
  "lockfileVersion": 2,
  "requires": true,
  "packages": {
    "": {
      "name": "may-it-be",
      "version": "0.0.92",
      "license": "MIT",
      "dependencies": {
        "be-active": "0.0.15",
        "be-consensual": "0.0.7",
        "be-definitive": "0.0.26",
        "be-exportable": "0.0.7",
        "be-ferried": "0.0.25",
        "be-importing": "0.0.3",
        "be-intersectional": "0.0.10",
        "be-loaded": "0.0.34",
        "be-metamorphic": "0.0.11",
        "be-noticed": "0.0.45",
        "be-observant": "0.0.79",
        "be-switched": "0.0.53",
        "be-transactional": "0.0.1",
        "be-transformative": "0.0.23"
      },
      "devDependencies": {
        "@skypack/package-check": "0.2.2"
      }
    },
    "node_modules/@skypack/package-check": {
      "version": "0.2.2",
      "resolved": "https://registry.npmjs.org/@skypack/package-check/-/package-check-0.2.2.tgz",
      "integrity": "sha512-T4Wyi9lUuz0a1C2OHuzqZ0aFOCI0AmaGTb2LP9sHgWdoHXlB3JU02gfBpa0Y081G/gFsJYpQ/R0iCJRzF/nknw==",
      "dev": true,
      "dependencies": {
        "kleur": "^4.1.3",
        "yargs-parser": "^20.2.3"
      },
      "bin": {
        "package-check": "index.bin.js"
      }
    },
    "node_modules/be-active": {
      "version": "0.0.15",
      "resolved": "https://registry.npmjs.org/be-active/-/be-active-0.0.15.tgz",
      "integrity": "sha512-ZGn5b2zvZLEjKSgAJ+wEky+AxqGDHTWcMtL32IGIB4MIrVQ9wDiTKIGyUFbJE7rkdgnEiYMclZCd5Vc2yfkXMA==",
      "dependencies": {
        "be-decorated": "0.0.62",
        "be-hive": "0.0.17"
      }
    },
    "node_modules/be-consensual": {
      "version": "0.0.7",
      "resolved": "https://registry.npmjs.org/be-consensual/-/be-consensual-0.0.7.tgz",
      "integrity": "sha512-PdJh2Jesg6Nkn8e7OhgVglTke6BqHFSxtSSaCIoTxTm/8O4X6k4HxntPV2w6NLeh1XXAKXzR4w8uNZCAey6xEA==",
      "dependencies": {
        "be-decorated": "0.0.63",
        "be-hive": "0.0.18",
        "xtal-element": "0.0.460"
      }
    },
    "node_modules/be-consensual/node_modules/be-decorated": {
      "version": "0.0.63",
      "resolved": "https://registry.npmjs.org/be-decorated/-/be-decorated-0.0.63.tgz",
      "integrity": "sha512-MyMCshGW+jQ7R6i7e/Efrim9KjjDyqwlwv+P6CQEuSBe7JsII8yWskY2ZOywgzcoWCjYYWrfw2Al+TuOzwXiYQ==",
      "dependencies": {
        "trans-render": "0.0.446",
        "xtal-element": "0.0.460"
      }
    },
    "node_modules/be-consensual/node_modules/be-hive": {
      "version": "0.0.18",
      "resolved": "https://registry.npmjs.org/be-hive/-/be-hive-0.0.18.tgz",
      "integrity": "sha512-zEAaZ2+x/RxX1/tqCnFBhClL1zPRSOLZkIdQVCd4MqZFnu/y1Ys1Ny26ztLeyeNhcT9wz025xym1SNK4I07KHQ==",
      "dependencies": {
        "xtal-element": "0.0.460"
      }
    },
    "node_modules/be-consensual/node_modules/trans-render": {
      "version": "0.0.446",
      "resolved": "https://registry.npmjs.org/trans-render/-/trans-render-0.0.446.tgz",
      "integrity": "sha512-85DtuSj4Rnbnnecw1pR8Ueki9sdFAprD+WuUOtW5q9ZvLJajf5xQrlojeBD4v/aYDOyUR8jO1jPqwvkU0Q5DtQ=="
    },
    "node_modules/be-consensual/node_modules/xtal-element": {
      "version": "0.0.460",
      "resolved": "https://registry.npmjs.org/xtal-element/-/xtal-element-0.0.460.tgz",
      "integrity": "sha512-k2huacqIACFudHYBK3mE//pH/wgwiXW9hAV92eNkvlG3DvQXQ3UDDYSTKEG8VIoNJKXmGEeVhPBULegLLSYX8w==",
      "dependencies": {
        "trans-render": "0.0.446"
      }
    },
    "node_modules/be-decorated": {
      "version": "0.0.62",
      "resolved": "https://registry.npmjs.org/be-decorated/-/be-decorated-0.0.62.tgz",
      "integrity": "sha512-ZM8+RJNMB8WMIeqoBtasn1z/FfWaRGyLr8HNyCh7HCKu7RM0CDJ0soABBtauvRZW235nIis01RFgCnGHt37VGA==",
      "dependencies": {
        "trans-render": "0.0.445",
        "xtal-element": "0.0.459"
      }
    },
    "node_modules/be-definitive": {
      "version": "0.0.26",
      "resolved": "https://registry.npmjs.org/be-definitive/-/be-definitive-0.0.26.tgz",
      "integrity": "sha512-h/FGKtS4Q5krRNgrOIaYpVN2TMjRHIQe+psHL1B3usWbrPrTM6PU9iJZ80z1Bdg6l0tOJtTkLXw/Hc9uWefMDQ==",
      "dependencies": {
        "be-decorated": "0.0.62",
        "be-hive": "0.0.17",
        "trans-render": "0.0.445",
        "xtal-element": "0.0.459"
      }
    },
    "node_modules/be-exportable": {
      "version": "0.0.7",
      "resolved": "https://registry.npmjs.org/be-exportable/-/be-exportable-0.0.7.tgz",
      "integrity": "sha512-zEi+3h+6HRlZZ9GEJ22rh3OL7UbvknGeFMSqTCDZQxAGe5VnVF/Oh7yU1dTpwJeughlcY+kbNZbfZ51y3KpesQ==",
      "dependencies": {
        "be-decorated": "0.0.62",
        "be-hive": "0.0.17"
      }
    },
    "node_modules/be-ferried": {
      "version": "0.0.25",
      "resolved": "https://registry.npmjs.org/be-ferried/-/be-ferried-0.0.25.tgz",
      "integrity": "sha512-BH/5d1W7Yn2BHzb6StL4dgp4v1lz+OGbnO4YNpvI4Pu3FIP1yLEaJBoKjX+uSr7CZEBAWLeGvY6bALjCc6XhXA==",
      "dependencies": {
        "be-decorated": "0.0.62",
        "be-hive": "0.0.17",
        "be-observant": "0.0.74",
        "trans-render": "0.0.445"
      }
    },
    "node_modules/be-ferried/node_modules/be-observant": {
      "version": "0.0.74",
      "resolved": "https://registry.npmjs.org/be-observant/-/be-observant-0.0.74.tgz",
      "integrity": "sha512-8MOvB/MTUW2tlHYcOQuWFYKzMDP3GPqBSC1afQ8Xmh1HmDhUEQMHWW25VXXXCeWseelGgQIkyUf2tw+wIMFmFw==",
      "dependencies": {
        "be-decorated": "0.0.62",
        "be-hive": "0.0.17",
        "on-to-me": "0.0.49",
        "trans-render": "0.0.445",
        "xtal-element": "0.0.459"
      }
    },
    "node_modules/be-hive": {
      "version": "0.0.17",
      "resolved": "https://registry.npmjs.org/be-hive/-/be-hive-0.0.17.tgz",
      "integrity": "sha512-e0h2NR4LpoK0BaJ+YE/yxEmcK74OCAQWDq+lDlYjECNkrlsZ33fge9SvdQ4VDbJY46nHQasabHUrdBe28Z8LxQ==",
      "dependencies": {
        "xtal-element": "0.0.459"
      }
    },
    "node_modules/be-importing": {
      "version": "0.0.3",
      "resolved": "https://registry.npmjs.org/be-importing/-/be-importing-0.0.3.tgz",
      "integrity": "sha512-h6gBfwW2q/MB3cNsoO3GlGel9dVL57Ylbs5xKTU7AodAYdTbvZB1ecyuSBMUxvKOkkmE9RBAVz1gWhKECUHQ1Q==",
      "dependencies": {
        "be-active": "0.0.13",
        "be-decorated": "0.0.57",
        "be-hive": "0.0.16"
      }
    },
    "node_modules/be-importing/node_modules/be-active": {
      "version": "0.0.13",
      "resolved": "https://registry.npmjs.org/be-active/-/be-active-0.0.13.tgz",
      "integrity": "sha512-4XdiLKkbeJKYgNDTxrfuCeVc+FlRQWVvulZmP+vpNGykabQagdeBTzY/x7zz/FZg6n03nLSzyvxueoJu4LaLBQ==",
      "dependencies": {
        "be-decorated": "0.0.57",
        "be-hive": "0.0.16"
      }
    },
    "node_modules/be-importing/node_modules/be-decorated": {
      "version": "0.0.57",
      "resolved": "https://registry.npmjs.org/be-decorated/-/be-decorated-0.0.57.tgz",
      "integrity": "sha512-rc7EIRlJ1YyHmHAQcMF8do4a3ucN0EzY+1Mb//02XrLdjRMpL6v40zoMPHddxjafcAz4hw99gZ6i5CGREVOUeQ==",
      "dependencies": {
        "trans-render": "0.0.442",
        "xtal-element": "0.0.457"
      }
    },
    "node_modules/be-importing/node_modules/be-hive": {
      "version": "0.0.16",
      "resolved": "https://registry.npmjs.org/be-hive/-/be-hive-0.0.16.tgz",
      "integrity": "sha512-AYqmtO3NGphCT6IKVAVjmT92HQ+JwwdVGHXMMmzm3kQx3NUXKedhJPnj68xtuD6wmPkEFl9zMTS9aob3r2An4g==",
      "dependencies": {
        "xtal-element": "0.0.457"
      }
    },
    "node_modules/be-importing/node_modules/trans-render": {
      "version": "0.0.442",
      "resolved": "https://registry.npmjs.org/trans-render/-/trans-render-0.0.442.tgz",
      "integrity": "sha512-rPJRt1e5Siali/yFNan+yA7Zx26/LShVkz1G5m7r/uEma5O44qhwLU2aXtX3Max8DAsSsYNboZZyKD3HZWGTiA=="
    },
    "node_modules/be-importing/node_modules/xtal-element": {
      "version": "0.0.457",
      "resolved": "https://registry.npmjs.org/xtal-element/-/xtal-element-0.0.457.tgz",
      "integrity": "sha512-Em6BpaSews7sk3rxTzownwblfG66gmecQacL582ZENqTx2/yVB61rgcv7khkrGISgXxtOWVETIzhggH+SQLZrg==",
      "dependencies": {
        "trans-render": "0.0.442"
      }
    },
    "node_modules/be-intersectional": {
      "version": "0.0.10",
      "resolved": "https://registry.npmjs.org/be-intersectional/-/be-intersectional-0.0.10.tgz",
      "integrity": "sha512-VBYn7f4lzV+0BPzdpVpP/lqJNA7cm6jIsLTrXUJZRLgGpLEaj9MAPMiSQGgIP6h6Z7EuFlYh3o055APICSqYCQ==",
      "dependencies": {
        "be-decorated": "0.0.62",
        "be-hive": "0.0.17",
        "trans-render": "0.0.445"
      }
    },
    "node_modules/be-loaded": {
      "version": "0.0.34",
      "resolved": "https://registry.npmjs.org/be-loaded/-/be-loaded-0.0.34.tgz",
      "integrity": "sha512-ILL2IsNtGR/52pkZVIdXfFffq6/d0OOyfInHNOE3nbYbyHmWKIfoa/aDMxmD6Qq0Cgk1xk94tWNOeFASThrvrA==",
      "dependencies": {
        "be-decorated": "0.0.62",
        "be-hive": "0.0.17",
        "trans-render": "0.0.445",
        "xtal-element": "0.0.459"
      }
    },
    "node_modules/be-metamorphic": {
      "version": "0.0.11",
      "resolved": "https://registry.npmjs.org/be-metamorphic/-/be-metamorphic-0.0.11.tgz",
      "integrity": "sha512-dGi4az5LeDx6/Nkj3tlF86pSfC9M0+jjbCdd0gNXT+oOqtgOAwktN71lrD3e9YjVQqyjveNgSMErSwuKeF2UWQ==",
      "dependencies": {
        "be-decorated": "0.0.62",
        "be-hive": "0.0.17",
        "trans-render": "0.0.445"
      }
    },
    "node_modules/be-noticed": {
      "version": "0.0.45",
      "resolved": "https://registry.npmjs.org/be-noticed/-/be-noticed-0.0.45.tgz",
      "integrity": "sha512-8p/xIhEaGm6G5OyDwEe7TyRR2rIN+2IeDo/nBwnePdz5IRWR3ka+8Vaerh8McdP3Jgnwnos+tcn7pHTmzd6PZw==",
      "dependencies": {
        "be-decorated": "0.0.62",
        "be-hive": "0.0.17",
        "on-to-me": "0.0.49",
        "trans-render": "0.0.445"
      }
    },
    "node_modules/be-observant": {
      "version": "0.0.79",
      "resolved": "https://registry.npmjs.org/be-observant/-/be-observant-0.0.79.tgz",
      "integrity": "sha512-Sb8xiYNSe3eN824hqLvxaQl5SahdpQaEp0H8remqCdFbnz3ErI4QOhWXE1CjpCsmAMu2c0aepdllZJaOdU9ChA==",
      "dependencies": {
        "be-decorated": "0.0.64",
        "be-hive": "0.0.19",
        "on-to-me": "0.0.49",
        "trans-render": "0.0.447",
        "xtal-element": "0.0.461"
      }
    },
    "node_modules/be-observant/node_modules/be-decorated": {
      "version": "0.0.64",
      "resolved": "https://registry.npmjs.org/be-decorated/-/be-decorated-0.0.64.tgz",
      "integrity": "sha512-TPGa3NhNlHNfhUWuU8r5gD/6INBv4lPvljfdRsdNbQwX+cJg03yrLYmBHDFiDSRBei7+9jfHZ/sJbZGfKVJtwg==",
      "dependencies": {
        "trans-render": "0.0.447",
        "xtal-element": "0.0.461"
      }
    },
    "node_modules/be-observant/node_modules/be-hive": {
      "version": "0.0.19",
      "resolved": "https://registry.npmjs.org/be-hive/-/be-hive-0.0.19.tgz",
      "integrity": "sha512-GQpFvXkTEZuz0+woJMhA+GDxvJqZ9uce/S114C3qzM8w4b8rvBBgDf+aKLTBtm3kWWfmgPYPocSHs6OYyMZ6Gg==",
      "dependencies": {
        "xtal-element": "0.0.461"
      }
    },
    "node_modules/be-observant/node_modules/trans-render": {
      "version": "0.0.447",
      "resolved": "https://registry.npmjs.org/trans-render/-/trans-render-0.0.447.tgz",
      "integrity": "sha512-hgcVC8TlHm4NvPMy0QQeI+VA6kLYv3qYXWHNPhxEmMithpuVaUrnVAyKn7ADA/vNqys8ctLALentJtZmC5FZDA=="
    },
    "node_modules/be-observant/node_modules/xtal-element": {
      "version": "0.0.461",
      "resolved": "https://registry.npmjs.org/xtal-element/-/xtal-element-0.0.461.tgz",
      "integrity": "sha512-30hYpA4lM2xjMu59Tv4WfmuSeatfZaAF+JizcC2qcLWezzvHnu3ioqqhpEnNi4w0kwuSnBB4Z+jaDDDUc6WtAQ==",
      "dependencies": {
        "trans-render": "0.0.447"
      }
    },
    "node_modules/be-switched": {
      "version": "0.0.53",
      "resolved": "https://registry.npmjs.org/be-switched/-/be-switched-0.0.53.tgz",
      "integrity": "sha512-8aVNh6UHWUAvfEyhAcvg3F3Oq5lTV7LfrhLDdpJxFpFDpBB/AuH8N6VkkDCvs5zHU2zJSqTxDG9wUOY15JIUlA==",
      "dependencies": {
        "be-decorated": "0.0.62",
        "be-hive": "0.0.17",
        "be-observant": "0.0.74",
        "trans-render": "0.0.445"
      }
    },
    "node_modules/be-switched/node_modules/be-observant": {
      "version": "0.0.74",
      "resolved": "https://registry.npmjs.org/be-observant/-/be-observant-0.0.74.tgz",
      "integrity": "sha512-8MOvB/MTUW2tlHYcOQuWFYKzMDP3GPqBSC1afQ8Xmh1HmDhUEQMHWW25VXXXCeWseelGgQIkyUf2tw+wIMFmFw==",
      "dependencies": {
        "be-decorated": "0.0.62",
        "be-hive": "0.0.17",
        "on-to-me": "0.0.49",
        "trans-render": "0.0.445",
        "xtal-element": "0.0.459"
      }
    },
    "node_modules/be-transactional": {
      "version": "0.0.1",
      "resolved": "https://registry.npmjs.org/be-transactional/-/be-transactional-0.0.1.tgz",
      "integrity": "sha512-5mZG/KDRQ3Dc40mspmnvCUaT682YtFLvnRjuxYzASrqlL3gwLeHgpuMG9ljEwUvTp9iPsf9K3M7zpczG3s4HHw==",
      "dependencies": {
        "be-decorated": "0.0.62",
        "be-hive": "0.0.17",
        "trans-render": "0.0.445"
      }
    },
    "node_modules/be-transformative": {
      "version": "0.0.23",
      "resolved": "https://registry.npmjs.org/be-transformative/-/be-transformative-0.0.23.tgz",
      "integrity": "sha512-l/guD9V6vw9VpsX6ScSHrAQEd3vJ8ynfMqx1hmt3s4TYYRQ1mfE09ilOUkhDh4TQEcs8jZniFRJFy2NpUBee/A==",
      "dependencies": {
        "be-decorated": "0.0.62",
        "be-hive": "0.0.17",
        "trans-render": "0.0.445",
        "xtal-element": "0.0.459"
      }
    },
    "node_modules/kleur": {
      "version": "4.1.4",
      "resolved": "https://registry.npmjs.org/kleur/-/kleur-4.1.4.tgz",
      "integrity": "sha512-8QADVssbrFjivHWQU7KkMgptGTl6WAcSdlbBPY4uNF+mWr6DGcKrvY2w4FQJoXch7+fKMjj0dRrL75vk3k23OA==",
      "dev": true,
      "engines": {
        "node": ">=6"
      }
    },
    "node_modules/on-to-me": {
      "version": "0.0.49",
      "resolved": "https://registry.npmjs.org/on-to-me/-/on-to-me-0.0.49.tgz",
      "integrity": "sha512-hxsznNinhNnlsig2bd+FFy7cFHxSAodP6eNPPP13c3DHUi+0OUVVAjRrfyhZvaFRJKSiXW30F/2gRwIzXCpbuQ==",
      "dependencies": {
        "trans-render": "0.0.414"
      }
    },
    "node_modules/on-to-me/node_modules/trans-render": {
      "version": "0.0.414",
      "resolved": "https://registry.npmjs.org/trans-render/-/trans-render-0.0.414.tgz",
      "integrity": "sha512-3hS32f78/S2BIPfb7byXSC9PuanLy7+a0sTIXgUms829223apzJ3Z9h6ZXdxXJ4cj7ug0I1iSx+20ikSoZrm/Q=="
    },
    "node_modules/trans-render": {
      "version": "0.0.445",
      "resolved": "https://registry.npmjs.org/trans-render/-/trans-render-0.0.445.tgz",
      "integrity": "sha512-3gQjEGlogRKPGa9tLdZr362QihsCmn51IPrFB1AoGhPpgFAOufMEXSV76CaTdqOFUGuUCKjJOvGZ/oTjCZ1DWA=="
    },
    "node_modules/xtal-element": {
      "version": "0.0.459",
      "resolved": "https://registry.npmjs.org/xtal-element/-/xtal-element-0.0.459.tgz",
      "integrity": "sha512-REwiTfCv1zeDKvhnOsAGkHC4Y7sjdEQFvcdMFwjiAEdvkQEVngm/y61gl0HX6ciIut3NODtvTnS6TH6d5rijzQ==",
      "dependencies": {
        "trans-render": "0.0.445"
      }
    },
    "node_modules/yargs-parser": {
      "version": "20.2.9",
      "resolved": "https://registry.npmjs.org/yargs-parser/-/yargs-parser-20.2.9.tgz",
      "integrity": "sha512-y11nGElTIV+CT3Zv9t7VKl+Q3hTQoT9a1Qzezhhl6Rp21gJ/IVTW7Z3y9EWXhuUBC2Shnf+DX0antecpAwSP8w==",
      "dev": true,
      "engines": {
        "node": ">=10"
      }
    }
  },
  "dependencies": {
    "@skypack/package-check": {
      "version": "0.2.2",
      "resolved": "https://registry.npmjs.org/@skypack/package-check/-/package-check-0.2.2.tgz",
      "integrity": "sha512-T4Wyi9lUuz0a1C2OHuzqZ0aFOCI0AmaGTb2LP9sHgWdoHXlB3JU02gfBpa0Y081G/gFsJYpQ/R0iCJRzF/nknw==",
      "dev": true,
      "requires": {
        "kleur": "^4.1.3",
        "yargs-parser": "^20.2.3"
      }
    },
    "be-active": {
      "version": "0.0.15",
      "resolved": "https://registry.npmjs.org/be-active/-/be-active-0.0.15.tgz",
      "integrity": "sha512-ZGn5b2zvZLEjKSgAJ+wEky+AxqGDHTWcMtL32IGIB4MIrVQ9wDiTKIGyUFbJE7rkdgnEiYMclZCd5Vc2yfkXMA==",
      "requires": {
        "be-decorated": "0.0.62",
        "be-hive": "0.0.17"
      }
    },
    "be-consensual": {
      "version": "0.0.7",
      "resolved": "https://registry.npmjs.org/be-consensual/-/be-consensual-0.0.7.tgz",
      "integrity": "sha512-PdJh2Jesg6Nkn8e7OhgVglTke6BqHFSxtSSaCIoTxTm/8O4X6k4HxntPV2w6NLeh1XXAKXzR4w8uNZCAey6xEA==",
      "requires": {
        "be-decorated": "0.0.63",
        "be-hive": "0.0.18",
        "xtal-element": "0.0.460"
      },
      "dependencies": {
        "be-decorated": {
          "version": "0.0.63",
          "resolved": "https://registry.npmjs.org/be-decorated/-/be-decorated-0.0.63.tgz",
          "integrity": "sha512-MyMCshGW+jQ7R6i7e/Efrim9KjjDyqwlwv+P6CQEuSBe7JsII8yWskY2ZOywgzcoWCjYYWrfw2Al+TuOzwXiYQ==",
          "requires": {
            "trans-render": "0.0.446",
            "xtal-element": "0.0.460"
          }
        },
        "be-hive": {
          "version": "0.0.18",
          "resolved": "https://registry.npmjs.org/be-hive/-/be-hive-0.0.18.tgz",
          "integrity": "sha512-zEAaZ2+x/RxX1/tqCnFBhClL1zPRSOLZkIdQVCd4MqZFnu/y1Ys1Ny26ztLeyeNhcT9wz025xym1SNK4I07KHQ==",
          "requires": {
            "xtal-element": "0.0.460"
          }
        },
        "trans-render": {
          "version": "0.0.446",
          "resolved": "https://registry.npmjs.org/trans-render/-/trans-render-0.0.446.tgz",
          "integrity": "sha512-85DtuSj4Rnbnnecw1pR8Ueki9sdFAprD+WuUOtW5q9ZvLJajf5xQrlojeBD4v/aYDOyUR8jO1jPqwvkU0Q5DtQ=="
        },
        "xtal-element": {
          "version": "0.0.460",
          "resolved": "https://registry.npmjs.org/xtal-element/-/xtal-element-0.0.460.tgz",
          "integrity": "sha512-k2huacqIACFudHYBK3mE//pH/wgwiXW9hAV92eNkvlG3DvQXQ3UDDYSTKEG8VIoNJKXmGEeVhPBULegLLSYX8w==",
          "requires": {
            "trans-render": "0.0.446"
          }
        }
      }
    },
    "be-decorated": {
      "version": "0.0.62",
      "resolved": "https://registry.npmjs.org/be-decorated/-/be-decorated-0.0.62.tgz",
      "integrity": "sha512-ZM8+RJNMB8WMIeqoBtasn1z/FfWaRGyLr8HNyCh7HCKu7RM0CDJ0soABBtauvRZW235nIis01RFgCnGHt37VGA==",
      "requires": {
        "trans-render": "0.0.445",
        "xtal-element": "0.0.459"
      }
    },
    "be-definitive": {
      "version": "0.0.26",
      "resolved": "https://registry.npmjs.org/be-definitive/-/be-definitive-0.0.26.tgz",
      "integrity": "sha512-h/FGKtS4Q5krRNgrOIaYpVN2TMjRHIQe+psHL1B3usWbrPrTM6PU9iJZ80z1Bdg6l0tOJtTkLXw/Hc9uWefMDQ==",
      "requires": {
        "be-decorated": "0.0.62",
        "be-hive": "0.0.17",
        "trans-render": "0.0.445",
        "xtal-element": "0.0.459"
      }
    },
    "be-exportable": {
      "version": "0.0.7",
      "resolved": "https://registry.npmjs.org/be-exportable/-/be-exportable-0.0.7.tgz",
      "integrity": "sha512-zEi+3h+6HRlZZ9GEJ22rh3OL7UbvknGeFMSqTCDZQxAGe5VnVF/Oh7yU1dTpwJeughlcY+kbNZbfZ51y3KpesQ==",
      "requires": {
        "be-decorated": "0.0.62",
        "be-hive": "0.0.17"
      }
    },
    "be-ferried": {
      "version": "0.0.25",
      "resolved": "https://registry.npmjs.org/be-ferried/-/be-ferried-0.0.25.tgz",
      "integrity": "sha512-BH/5d1W7Yn2BHzb6StL4dgp4v1lz+OGbnO4YNpvI4Pu3FIP1yLEaJBoKjX+uSr7CZEBAWLeGvY6bALjCc6XhXA==",
      "requires": {
        "be-decorated": "0.0.62",
        "be-hive": "0.0.17",
        "be-observant": "0.0.74",
        "trans-render": "0.0.445"
      },
      "dependencies": {
        "be-observant": {
          "version": "0.0.74",
          "resolved": "https://registry.npmjs.org/be-observant/-/be-observant-0.0.74.tgz",
          "integrity": "sha512-8MOvB/MTUW2tlHYcOQuWFYKzMDP3GPqBSC1afQ8Xmh1HmDhUEQMHWW25VXXXCeWseelGgQIkyUf2tw+wIMFmFw==",
          "requires": {
            "be-decorated": "0.0.62",
            "be-hive": "0.0.17",
            "on-to-me": "0.0.49",
            "trans-render": "0.0.445",
            "xtal-element": "0.0.459"
          }
        }
      }
    },
    "be-hive": {
      "version": "0.0.17",
      "resolved": "https://registry.npmjs.org/be-hive/-/be-hive-0.0.17.tgz",
      "integrity": "sha512-e0h2NR4LpoK0BaJ+YE/yxEmcK74OCAQWDq+lDlYjECNkrlsZ33fge9SvdQ4VDbJY46nHQasabHUrdBe28Z8LxQ==",
      "requires": {
        "xtal-element": "0.0.459"
      }
    },
    "be-importing": {
      "version": "0.0.3",
      "resolved": "https://registry.npmjs.org/be-importing/-/be-importing-0.0.3.tgz",
      "integrity": "sha512-h6gBfwW2q/MB3cNsoO3GlGel9dVL57Ylbs5xKTU7AodAYdTbvZB1ecyuSBMUxvKOkkmE9RBAVz1gWhKECUHQ1Q==",
      "requires": {
        "be-active": "0.0.13",
        "be-decorated": "0.0.57",
        "be-hive": "0.0.16"
      },
      "dependencies": {
        "be-active": {
          "version": "0.0.13",
          "resolved": "https://registry.npmjs.org/be-active/-/be-active-0.0.13.tgz",
          "integrity": "sha512-4XdiLKkbeJKYgNDTxrfuCeVc+FlRQWVvulZmP+vpNGykabQagdeBTzY/x7zz/FZg6n03nLSzyvxueoJu4LaLBQ==",
          "requires": {
            "be-decorated": "0.0.57",
            "be-hive": "0.0.16"
          }
        },
        "be-decorated": {
          "version": "0.0.57",
          "resolved": "https://registry.npmjs.org/be-decorated/-/be-decorated-0.0.57.tgz",
          "integrity": "sha512-rc7EIRlJ1YyHmHAQcMF8do4a3ucN0EzY+1Mb//02XrLdjRMpL6v40zoMPHddxjafcAz4hw99gZ6i5CGREVOUeQ==",
          "requires": {
            "trans-render": "0.0.442",
            "xtal-element": "0.0.457"
          }
        },
        "be-hive": {
          "version": "0.0.16",
          "resolved": "https://registry.npmjs.org/be-hive/-/be-hive-0.0.16.tgz",
          "integrity": "sha512-AYqmtO3NGphCT6IKVAVjmT92HQ+JwwdVGHXMMmzm3kQx3NUXKedhJPnj68xtuD6wmPkEFl9zMTS9aob3r2An4g==",
          "requires": {
            "xtal-element": "0.0.457"
          }
        },
        "trans-render": {
          "version": "0.0.442",
          "resolved": "https://registry.npmjs.org/trans-render/-/trans-render-0.0.442.tgz",
          "integrity": "sha512-rPJRt1e5Siali/yFNan+yA7Zx26/LShVkz1G5m7r/uEma5O44qhwLU2aXtX3Max8DAsSsYNboZZyKD3HZWGTiA=="
        },
        "xtal-element": {
          "version": "0.0.457",
          "resolved": "https://registry.npmjs.org/xtal-element/-/xtal-element-0.0.457.tgz",
          "integrity": "sha512-Em6BpaSews7sk3rxTzownwblfG66gmecQacL582ZENqTx2/yVB61rgcv7khkrGISgXxtOWVETIzhggH+SQLZrg==",
          "requires": {
            "trans-render": "0.0.442"
          }
        }
      }
    },
    "be-intersectional": {
      "version": "0.0.10",
      "resolved": "https://registry.npmjs.org/be-intersectional/-/be-intersectional-0.0.10.tgz",
      "integrity": "sha512-VBYn7f4lzV+0BPzdpVpP/lqJNA7cm6jIsLTrXUJZRLgGpLEaj9MAPMiSQGgIP6h6Z7EuFlYh3o055APICSqYCQ==",
      "requires": {
        "be-decorated": "0.0.62",
        "be-hive": "0.0.17",
        "trans-render": "0.0.445"
      }
    },
    "be-loaded": {
      "version": "0.0.34",
      "resolved": "https://registry.npmjs.org/be-loaded/-/be-loaded-0.0.34.tgz",
      "integrity": "sha512-ILL2IsNtGR/52pkZVIdXfFffq6/d0OOyfInHNOE3nbYbyHmWKIfoa/aDMxmD6Qq0Cgk1xk94tWNOeFASThrvrA==",
      "requires": {
        "be-decorated": "0.0.62",
        "be-hive": "0.0.17",
        "trans-render": "0.0.445",
        "xtal-element": "0.0.459"
      }
    },
    "be-metamorphic": {
      "version": "0.0.11",
      "resolved": "https://registry.npmjs.org/be-metamorphic/-/be-metamorphic-0.0.11.tgz",
      "integrity": "sha512-dGi4az5LeDx6/Nkj3tlF86pSfC9M0+jjbCdd0gNXT+oOqtgOAwktN71lrD3e9YjVQqyjveNgSMErSwuKeF2UWQ==",
      "requires": {
        "be-decorated": "0.0.62",
        "be-hive": "0.0.17",
        "trans-render": "0.0.445"
      }
    },
    "be-noticed": {
      "version": "0.0.45",
      "resolved": "https://registry.npmjs.org/be-noticed/-/be-noticed-0.0.45.tgz",
      "integrity": "sha512-8p/xIhEaGm6G5OyDwEe7TyRR2rIN+2IeDo/nBwnePdz5IRWR3ka+8Vaerh8McdP3Jgnwnos+tcn7pHTmzd6PZw==",
      "requires": {
        "be-decorated": "0.0.62",
        "be-hive": "0.0.17",
        "on-to-me": "0.0.49",
        "trans-render": "0.0.445"
      }
    },
    "be-observant": {
      "version": "0.0.79",
      "resolved": "https://registry.npmjs.org/be-observant/-/be-observant-0.0.79.tgz",
      "integrity": "sha512-Sb8xiYNSe3eN824hqLvxaQl5SahdpQaEp0H8remqCdFbnz3ErI4QOhWXE1CjpCsmAMu2c0aepdllZJaOdU9ChA==",
      "requires": {
        "be-decorated": "0.0.64",
        "be-hive": "0.0.19",
        "on-to-me": "0.0.49",
        "trans-render": "0.0.447",
        "xtal-element": "0.0.461"
      },
      "dependencies": {
        "be-decorated": {
          "version": "0.0.64",
          "resolved": "https://registry.npmjs.org/be-decorated/-/be-decorated-0.0.64.tgz",
          "integrity": "sha512-TPGa3NhNlHNfhUWuU8r5gD/6INBv4lPvljfdRsdNbQwX+cJg03yrLYmBHDFiDSRBei7+9jfHZ/sJbZGfKVJtwg==",
          "requires": {
            "trans-render": "0.0.447",
            "xtal-element": "0.0.461"
          }
        },
        "be-hive": {
          "version": "0.0.19",
          "resolved": "https://registry.npmjs.org/be-hive/-/be-hive-0.0.19.tgz",
          "integrity": "sha512-GQpFvXkTEZuz0+woJMhA+GDxvJqZ9uce/S114C3qzM8w4b8rvBBgDf+aKLTBtm3kWWfmgPYPocSHs6OYyMZ6Gg==",
          "requires": {
            "xtal-element": "0.0.461"
          }
        },
        "trans-render": {
          "version": "0.0.447",
          "resolved": "https://registry.npmjs.org/trans-render/-/trans-render-0.0.447.tgz",
          "integrity": "sha512-hgcVC8TlHm4NvPMy0QQeI+VA6kLYv3qYXWHNPhxEmMithpuVaUrnVAyKn7ADA/vNqys8ctLALentJtZmC5FZDA=="
        },
        "xtal-element": {
          "version": "0.0.461",
          "resolved": "https://registry.npmjs.org/xtal-element/-/xtal-element-0.0.461.tgz",
          "integrity": "sha512-30hYpA4lM2xjMu59Tv4WfmuSeatfZaAF+JizcC2qcLWezzvHnu3ioqqhpEnNi4w0kwuSnBB4Z+jaDDDUc6WtAQ==",
          "requires": {
            "trans-render": "0.0.447"
          }
        }
      }
    },
    "be-switched": {
      "version": "0.0.53",
      "resolved": "https://registry.npmjs.org/be-switched/-/be-switched-0.0.53.tgz",
      "integrity": "sha512-8aVNh6UHWUAvfEyhAcvg3F3Oq5lTV7LfrhLDdpJxFpFDpBB/AuH8N6VkkDCvs5zHU2zJSqTxDG9wUOY15JIUlA==",
      "requires": {
        "be-decorated": "0.0.62",
        "be-hive": "0.0.17",
        "be-observant": "0.0.74",
        "trans-render": "0.0.445"
      },
      "dependencies": {
        "be-observant": {
          "version": "0.0.74",
          "resolved": "https://registry.npmjs.org/be-observant/-/be-observant-0.0.74.tgz",
          "integrity": "sha512-8MOvB/MTUW2tlHYcOQuWFYKzMDP3GPqBSC1afQ8Xmh1HmDhUEQMHWW25VXXXCeWseelGgQIkyUf2tw+wIMFmFw==",
          "requires": {
            "be-decorated": "0.0.62",
            "be-hive": "0.0.17",
            "on-to-me": "0.0.49",
            "trans-render": "0.0.445",
            "xtal-element": "0.0.459"
          }
        }
      }
    },
    "be-transactional": {
      "version": "0.0.1",
      "resolved": "https://registry.npmjs.org/be-transactional/-/be-transactional-0.0.1.tgz",
      "integrity": "sha512-5mZG/KDRQ3Dc40mspmnvCUaT682YtFLvnRjuxYzASrqlL3gwLeHgpuMG9ljEwUvTp9iPsf9K3M7zpczG3s4HHw==",
      "requires": {
        "be-decorated": "0.0.62",
        "be-hive": "0.0.17",
        "trans-render": "0.0.445"
      }
    },
    "be-transformative": {
      "version": "0.0.23",
      "resolved": "https://registry.npmjs.org/be-transformative/-/be-transformative-0.0.23.tgz",
      "integrity": "sha512-l/guD9V6vw9VpsX6ScSHrAQEd3vJ8ynfMqx1hmt3s4TYYRQ1mfE09ilOUkhDh4TQEcs8jZniFRJFy2NpUBee/A==",
      "requires": {
        "be-decorated": "0.0.62",
        "be-hive": "0.0.17",
        "trans-render": "0.0.445",
        "xtal-element": "0.0.459"
      }
    },
    "kleur": {
      "version": "4.1.4",
      "resolved": "https://registry.npmjs.org/kleur/-/kleur-4.1.4.tgz",
      "integrity": "sha512-8QADVssbrFjivHWQU7KkMgptGTl6WAcSdlbBPY4uNF+mWr6DGcKrvY2w4FQJoXch7+fKMjj0dRrL75vk3k23OA==",
      "dev": true
    },
    "on-to-me": {
      "version": "0.0.49",
      "resolved": "https://registry.npmjs.org/on-to-me/-/on-to-me-0.0.49.tgz",
      "integrity": "sha512-hxsznNinhNnlsig2bd+FFy7cFHxSAodP6eNPPP13c3DHUi+0OUVVAjRrfyhZvaFRJKSiXW30F/2gRwIzXCpbuQ==",
      "requires": {
        "trans-render": "0.0.414"
      },
      "dependencies": {
        "trans-render": {
          "version": "0.0.414",
          "resolved": "https://registry.npmjs.org/trans-render/-/trans-render-0.0.414.tgz",
          "integrity": "sha512-3hS32f78/S2BIPfb7byXSC9PuanLy7+a0sTIXgUms829223apzJ3Z9h6ZXdxXJ4cj7ug0I1iSx+20ikSoZrm/Q=="
        }
      }
    },
    "trans-render": {
      "version": "0.0.445",
      "resolved": "https://registry.npmjs.org/trans-render/-/trans-render-0.0.445.tgz",
      "integrity": "sha512-3gQjEGlogRKPGa9tLdZr362QihsCmn51IPrFB1AoGhPpgFAOufMEXSV76CaTdqOFUGuUCKjJOvGZ/oTjCZ1DWA=="
    },
    "xtal-element": {
      "version": "0.0.459",
      "resolved": "https://registry.npmjs.org/xtal-element/-/xtal-element-0.0.459.tgz",
      "integrity": "sha512-REwiTfCv1zeDKvhnOsAGkHC4Y7sjdEQFvcdMFwjiAEdvkQEVngm/y61gl0HX6ciIut3NODtvTnS6TH6d5rijzQ==",
      "requires": {
        "trans-render": "0.0.445"
      }
    },
    "yargs-parser": {
      "version": "20.2.9",
      "resolved": "https://registry.npmjs.org/yargs-parser/-/yargs-parser-20.2.9.tgz",
      "integrity": "sha512-y11nGElTIV+CT3Zv9t7VKl+Q3hTQoT9a1Qzezhhl6Rp21gJ/IVTW7Z3y9EWXhuUBC2Shnf+DX0antecpAwSP8w==",
      "dev": true
    }
  }
}
